
Microsoft Visual Studio Solution File, Format Version 12.00
# Visual Studio Version 17
VisualStudioVersion = 17.5.33516.290
MinimumVisualStudioVersion = 10.0.40219.1
Project("{9A19103F-16F7-4668-BE54-9A1E7A4F7556}") = "WebApp", "WebApp\WebApp.csproj", "{89F8F603-1657-4716-B18D-73E324E06671}"
	ProjectSection(ProjectDependencies) = postProject
		{4B27528C-0A85-4C50-B399-F504B0D51EB5} = {4B27528C-0A85-4C50-B399-F504B0D51EB5}
		{98FF0141-25B1-4D52-9690-AD0FEAAFDD14} = {98FF0141-25B1-4D52-9690-AD0FEAAFDD14}
	EndProjectSection
EndProject
Project("{2150E333-8FDC-42A3-9474-1A3956D46DE8}") = "PresentationLayer", "PresentationLayer", "{CE46754F-CEFB-43EB-A7FB-DCAF1E1B9D72}"
EndProject
Project("{9A19103F-16F7-4668-BE54-9A1E7A4F7556}") = "WindowsApp", "WindowsApp\WindowsApp.csproj", "{B139055D-F517-4491-BCC4-0EA0A2AF886C}"
EndProject
Project("{2150E333-8FDC-42A3-9474-1A3956D46DE8}") = "DataAccessLayer", "DataAccessLayer", "{A5552E00-9900-48B6-A8DF-E54EBB9532CA}"
EndProject
Project("{2150E333-8FDC-42A3-9474-1A3956D46DE8}") = "LogicLayer", "LogicLayer", "{4DD7932B-E66B-47EE-AF3E-D9896F81C91D}"
EndProject
Project("{2150E333-8FDC-42A3-9474-1A3956D46DE8}") = "UnitTests", "UnitTests", "{8ABD7621-FFC3-48E5-82FA-60E39AA7476A}"
EndProject
Project("{2150E333-8FDC-42A3-9474-1A3956D46DE8}") = "DTOs", "DTOs", "{85ADB1EE-D25C-461B-BCC2-186B623AD592}"
EndProject
Project("{9A19103F-16F7-4668-BE54-9A1E7A4F7556}") = "Domains", "Domains\Domains.csproj", "{AAAFC2D8-A127-45F3-9CA5-ECBAACBC75C4}"
	ProjectSection(ProjectDependencies) = postProject
		{98FF0141-25B1-4D52-9690-AD0FEAAFDD14} = {98FF0141-25B1-4D52-9690-AD0FEAAFDD14}
	EndProjectSection
EndProject
Project("{9A19103F-16F7-4668-BE54-9A1E7A4F7556}") = "Enums", "Enums\Enums.csproj", "{98FF0141-25B1-4D52-9690-AD0FEAAFDD14}"
EndProject
Project("{9A19103F-16F7-4668-BE54-9A1E7A4F7556}") = "LogicLayer", "LogicLayer\LogicLayer.csproj", "{89910C08-F42F-4257-BCE1-CB3F533E3588}"
EndProject
Project("{9A19103F-16F7-4668-BE54-9A1E7A4F7556}") = "FakeRepository", "FakeRepository\FakeRepository.csproj", "{D5E35365-42DF-4C5A-ACC5-0CAA9020EA5D}"
	ProjectSection(ProjectDependencies) = postProject
		{3F3D65E3-78B6-408A-A928-7356610AEA4E} = {3F3D65E3-78B6-408A-A928-7356610AEA4E}
		{98FF0141-25B1-4D52-9690-AD0FEAAFDD14} = {98FF0141-25B1-4D52-9690-AD0FEAAFDD14}
		{AAAFC2D8-A127-45F3-9CA5-ECBAACBC75C4} = {AAAFC2D8-A127-45F3-9CA5-ECBAACBC75C4}
	EndProjectSection
EndProject
Project("{9A19103F-16F7-4668-BE54-9A1E7A4F7556}") = "DataAccessLayerInterfaces", "DataAccessLayerInterfaces\DataAccessLayerInterfaces.csproj", "{3F3D65E3-78B6-408A-A928-7356610AEA4E}"
EndProject
Project("{9A19103F-16F7-4668-BE54-9A1E7A4F7556}") = "LogicLayerInterfaces", "LogicLayerInterfaces\LogicLayerInterfaces.csproj", "{212DACE2-C3B1-42AC-8632-E2CDD9DAA180}"
EndProject
Project("{9A19103F-16F7-4668-BE54-9A1E7A4F7556}") = "Database", "Database\Database.csproj", "{A3A068D2-D47F-4976-AA8E-3AD919AD3F3B}"
EndProject
Project("{9A19103F-16F7-4668-BE54-9A1E7A4F7556}") = "DTOs", "DTOs\DTOs.csproj", "{2E51955A-3FB1-40A7-BDF5-255B33199CEE}"
EndProject
Project("{9A19103F-16F7-4668-BE54-9A1E7A4F7556}") = "UnitTests", "UnitTests\UnitTests.csproj", "{B36C4C7B-DD18-4FFF-B392-37D138FBFA13}"
EndProject
Project("{9A19103F-16F7-4668-BE54-9A1E7A4F7556}") = "SupportingServices", "SupportingServices\SupportingServices.csproj", "{4B27528C-0A85-4C50-B399-F504B0D51EB5}"
EndProject
Project("{9A19103F-16F7-4668-BE54-9A1E7A4F7556}") = "ModerationStrategy", "ModerationStrategy\ModerationStrategy.csproj", "{F8B87513-25DB-4BB4-8BC1-0BA2E7B04ECF}"
EndProject
Global
	GlobalSection(SolutionConfigurationPlatforms) = preSolution
		Debug|Any CPU = Debug|Any CPU
		Release|Any CPU = Release|Any CPU
	EndGlobalSection
	GlobalSection(ProjectConfigurationPlatforms) = postSolution
		{89F8F603-1657-4716-B18D-73E324E06671}.Debug|Any CPU.ActiveCfg = Debug|Any CPU
		{89F8F603-1657-4716-B18D-73E324E06671}.Debug|Any CPU.Build.0 = Debug|Any CPU
		{89F8F603-1657-4716-B18D-73E324E06671}.Release|Any CPU.ActiveCfg = Release|Any CPU
		{89F8F603-1657-4716-B18D-73E324E06671}.Release|Any CPU.Build.0 = Release|Any CPU
		{B139055D-F517-4491-BCC4-0EA0A2AF886C}.Debug|Any CPU.ActiveCfg = Debug|Any CPU
		{B139055D-F517-4491-BCC4-0EA0A2AF886C}.Debug|Any CPU.Build.0 = Debug|Any CPU
		{B139055D-F517-4491-BCC4-0EA0A2AF886C}.Release|Any CPU.ActiveCfg = Release|Any CPU
		{B139055D-F517-4491-BCC4-0EA0A2AF886C}.Release|Any CPU.Build.0 = Release|Any CPU
		{AAAFC2D8-A127-45F3-9CA5-ECBAACBC75C4}.Debug|Any CPU.ActiveCfg = Debug|Any CPU
		{AAAFC2D8-A127-45F3-9CA5-ECBAACBC75C4}.Debug|Any CPU.Build.0 = Debug|Any CPU
		{AAAFC2D8-A127-45F3-9CA5-ECBAACBC75C4}.Release|Any CPU.ActiveCfg = Release|Any CPU
		{AAAFC2D8-A127-45F3-9CA5-ECBAACBC75C4}.Release|Any CPU.Build.0 = Release|Any CPU
		{98FF0141-25B1-4D52-9690-AD0FEAAFDD14}.Debug|Any CPU.ActiveCfg = Debug|Any CPU
		{98FF0141-25B1-4D52-9690-AD0FEAAFDD14}.Debug|Any CPU.Build.0 = Debug|Any CPU
		{98FF0141-25B1-4D52-9690-AD0FEAAFDD14}.Release|Any CPU.ActiveCfg = Release|Any CPU
		{98FF0141-25B1-4D52-9690-AD0FEAAFDD14}.Release|Any CPU.Build.0 = Release|Any CPU
		{89910C08-F42F-4257-BCE1-CB3F533E3588}.Debug|Any CPU.ActiveCfg = Debug|Any CPU
		{89910C08-F42F-4257-BCE1-CB3F533E3588}.Debug|Any CPU.Build.0 = Debug|Any CPU
		{89910C08-F42F-4257-BCE1-CB3F533E3588}.Release|Any CPU.ActiveCfg = Release|Any CPU
		{89910C08-F42F-4257-BCE1-CB3F533E3588}.Release|Any CPU.Build.0 = Release|Any CPU
		{D5E35365-42DF-4C5A-ACC5-0CAA9020EA5D}.Debug|Any CPU.ActiveCfg = Debug|Any CPU
		{D5E35365-42DF-4C5A-ACC5-0CAA9020EA5D}.Debug|Any CPU.Build.0 = Debug|Any CPU
		{D5E35365-42DF-4C5A-ACC5-0CAA9020EA5D}.Release|Any CPU.ActiveCfg = Release|Any CPU
		{D5E35365-42DF-4C5A-ACC5-0CAA9020EA5D}.Release|Any CPU.Build.0 = Release|Any CPU
		{3F3D65E3-78B6-408A-A928-7356610AEA4E}.Debug|Any CPU.ActiveCfg = Debug|Any CPU
		{3F3D65E3-78B6-408A-A928-7356610AEA4E}.Debug|Any CPU.Build.0 = Debug|Any CPU
		{3F3D65E3-78B6-408A-A928-7356610AEA4E}.Release|Any CPU.ActiveCfg = Release|Any CPU
		{3F3D65E3-78B6-408A-A928-7356610AEA4E}.Release|Any CPU.Build.0 = Release|Any CPU
		{212DACE2-C3B1-42AC-8632-E2CDD9DAA180}.Debug|Any CPU.ActiveCfg = Debug|Any CPU
		{212DACE2-C3B1-42AC-8632-E2CDD9DAA180}.Debug|Any CPU.Build.0 = Debug|Any CPU
		{212DACE2-C3B1-42AC-8632-E2CDD9DAA180}.Release|Any CPU.ActiveCfg = Release|Any CPU
		{212DACE2-C3B1-42AC-8632-E2CDD9DAA180}.Release|Any CPU.Build.0 = Release|Any CPU
		{A3A068D2-D47F-4976-AA8E-3AD919AD3F3B}.Debug|Any CPU.ActiveCfg = Debug|Any CPU
		{A3A068D2-D47F-4976-AA8E-3AD919AD3F3B}.Debug|Any CPU.Build.0 = Debug|Any CPU
		{A3A068D2-D47F-4976-AA8E-3AD919AD3F3B}.Release|Any CPU.ActiveCfg = Release|Any CPU
		{A3A068D2-D47F-4976-AA8E-3AD919AD3F3B}.Release|Any CPU.Build.0 = Release|Any CPU
		{2E51955A-3FB1-40A7-BDF5-255B33199CEE}.Debug|Any CPU.ActiveCfg = Debug|Any CPU
		{2E51955A-3FB1-40A7-BDF5-255B33199CEE}.Debug|Any CPU.Build.0 = Debug|Any CPU
		{2E51955A-3FB1-40A7-BDF5-255B33199CEE}.Release|Any CPU.ActiveCfg = Release|Any CPU
		{2E51955A-3FB1-40A7-BDF5-255B33199CEE}.Release|Any CPU.Build.0 = Release|Any CPU
		{B36C4C7B-DD18-4FFF-B392-37D138FBFA13}.Debug|Any CPU.ActiveCfg = Debug|Any CPU
		{B36C4C7B-DD18-4FFF-B392-37D138FBFA13}.Debug|Any CPU.Build.0 = Debug|Any CPU
		{B36C4C7B-DD18-4FFF-B392-37D138FBFA13}.Release|Any CPU.ActiveCfg = Release|Any CPU
		{B36C4C7B-DD18-4FFF-B392-37D138FBFA13}.Release|Any CPU.Build.0 = Release|Any CPU
		{4B27528C-0A85-4C50-B399-F504B0D51EB5}.Debug|Any CPU.ActiveCfg = Debug|Any CPU
		{4B27528C-0A85-4C50-B399-F504B0D51EB5}.Debug|Any CPU.Build.0 = Debug|Any CPU
		{4B27528C-0A85-4C50-B399-F504B0D51EB5}.Release|Any CPU.ActiveCfg = Release|Any CPU
		{4B27528C-0A85-4C50-B399-F504B0D51EB5}.Release|Any CPU.Build.0 = Release|Any CPU
		{F8B87513-25DB-4BB4-8BC1-0BA2E7B04ECF}.Debug|Any CPU.ActiveCfg = Debug|Any CPU
		{F8B87513-25DB-4BB4-8BC1-0BA2E7B04ECF}.Debug|Any CPU.Build.0 = Debug|Any CPU
		{F8B87513-25DB-4BB4-8BC1-0BA2E7B04ECF}.Release|Any CPU.ActiveCfg = Release|Any CPU
		{F8B87513-25DB-4BB4-8BC1-0BA2E7B04ECF}.Release|Any CPU.Build.0 = Release|Any CPU
	EndGlobalSection
	GlobalSection(SolutionProperties) = preSolution
		HideSolutionNode = FALSE
	EndGlobalSection
	GlobalSection(NestedProjects) = preSolution
		{89F8F603-1657-4716-B18D-73E324E06671} = {CE46754F-CEFB-43EB-A7FB-DCAF1E1B9D72}
		{B139055D-F517-4491-BCC4-0EA0A2AF886C} = {CE46754F-CEFB-43EB-A7FB-DCAF1E1B9D72}
		{AAAFC2D8-A127-45F3-9CA5-ECBAACBC75C4} = {4DD7932B-E66B-47EE-AF3E-D9896F81C91D}
		{98FF0141-25B1-4D52-9690-AD0FEAAFDD14} = {4DD7932B-E66B-47EE-AF3E-D9896F81C91D}
		{89910C08-F42F-4257-BCE1-CB3F533E3588} = {4DD7932B-E66B-47EE-AF3E-D9896F81C91D}
		{D5E35365-42DF-4C5A-ACC5-0CAA9020EA5D} = {A5552E00-9900-48B6-A8DF-E54EBB9532CA}
		{3F3D65E3-78B6-408A-A928-7356610AEA4E} = {4DD7932B-E66B-47EE-AF3E-D9896F81C91D}
		{212DACE2-C3B1-42AC-8632-E2CDD9DAA180} = {4DD7932B-E66B-47EE-AF3E-D9896F81C91D}
		{A3A068D2-D47F-4976-AA8E-3AD919AD3F3B} = {A5552E00-9900-48B6-A8DF-E54EBB9532CA}
		{2E51955A-3FB1-40A7-BDF5-255B33199CEE} = {85ADB1EE-D25C-461B-BCC2-186B623AD592}
		{B36C4C7B-DD18-4FFF-B392-37D138FBFA13} = {8ABD7621-FFC3-48E5-82FA-60E39AA7476A}
		{4B27528C-0A85-4C50-B399-F504B0D51EB5} = {4DD7932B-E66B-47EE-AF3E-D9896F81C91D}
	EndGlobalSection
	GlobalSection(ExtensibilityGlobals) = postSolution
		SolutionGuid = {CFEEFA82-1470-4264-9FE4-4F3A31C67B66}
	EndGlobalSection
EndGlobal
